
Microsoft Visual Studio Solution File, Format Version 12.00
# Visual Studio 2012
Project("{FAE04EC0-301F-11D3-BF4B-00C04F79EFBC}") = "EasyClassifieds", "EasyClassifieds\EasyClassifieds.csproj", "{58CAAA38-A1C0-40C0-AB8C-0188EBF40AD0}"
EndProject
Global
	GlobalSection(SolutionConfigurationPlatforms) = preSolution
		Debug|Any CPU = Debug|Any CPU
		Release|Any CPU = Release|Any CPU
	EndGlobalSection
	GlobalSection(ProjectConfigurationPlatforms) = postSolution
		{58CAAA38-A1C0-40C0-AB8C-0188EBF40AD0}.Debug|Any CPU.ActiveCfg = Debug|Any CPU
		{58CAAA38-A1C0-40C0-AB8C-0188EBF40AD0}.Debug|Any CPU.Build.0 = Debug|Any CPU
		{58CAAA38-A1C0-40C0-AB8C-0188EBF40AD0}.Release|Any CPU.ActiveCfg = Release|Any CPU
		{58CAAA38-A1C0-40C0-AB8C-0188EBF40AD0}.Release|Any CPU.Build.0 = Release|Any CPU
	EndGlobalSection
	GlobalSection(SolutionProperties) = preSolution
		HideSolutionNode = FALSE
	EndGlobalSection
EndGlobal
